
Microsoft Visual Studio Solution File, Format Version 12.00
# Visual Studio Version 16
VisualStudioVersion = 16.0.28922.388
MinimumVisualStudioVersion = 10.0.40219.1
Project("{FAE04EC0-301F-11D3-BF4B-00C04F79EFBC}") = "FactWithForLoopSasha", "FactWithForLoopSasha\FactWithForLoopSasha.csproj", "{DB2FA6BE-8C09-4537-812C-4EC0ECC410FF}"
EndProject
Global
	GlobalSection(SolutionConfigurationPlatforms) = preSolution
		Debug|Any CPU = Debug|Any CPU
		Release|Any CPU = Release|Any CPU
	EndGlobalSection
	GlobalSection(ProjectConfigurationPlatforms) = postSolution
		{DB2FA6BE-8C09-4537-812C-4EC0ECC410FF}.Debug|Any CPU.ActiveCfg = Debug|Any CPU
		{DB2FA6BE-8C09-4537-812C-4EC0ECC410FF}.Debug|Any CPU.Build.0 = Debug|Any CPU
		{DB2FA6BE-8C09-4537-812C-4EC0ECC410FF}.Release|Any CPU.ActiveCfg = Release|Any CPU
		{DB2FA6BE-8C09-4537-812C-4EC0ECC410FF}.Release|Any CPU.Build.0 = Release|Any CPU
	EndGlobalSection
	GlobalSection(SolutionProperties) = preSolution
		HideSolutionNode = FALSE
	EndGlobalSection
	GlobalSection(ExtensibilityGlobals) = postSolution
		SolutionGuid = {3FCB1720-489B-478F-9F0D-D91A35F8100F}
	EndGlobalSection
EndGlobal
