
Microsoft Visual Studio Solution File, Format Version 12.00
# Visual Studio Version 16
VisualStudioVersion = 16.0.28922.388
MinimumVisualStudioVersion = 10.0.40219.1
Project("{FAE04EC0-301F-11D3-BF4B-00C04F79EFBC}") = "PerSquaresSasha", "PerSquaresSasha\PerSquaresSasha.csproj", "{764AC53B-104B-4DCA-94A5-43338E7ABE7A}"
EndProject
Global
	GlobalSection(SolutionConfigurationPlatforms) = preSolution
		Debug|Any CPU = Debug|Any CPU
		Release|Any CPU = Release|Any CPU
	EndGlobalSection
	GlobalSection(ProjectConfigurationPlatforms) = postSolution
		{764AC53B-104B-4DCA-94A5-43338E7ABE7A}.Debug|Any CPU.ActiveCfg = Debug|Any CPU
		{764AC53B-104B-4DCA-94A5-43338E7ABE7A}.Debug|Any CPU.Build.0 = Debug|Any CPU
		{764AC53B-104B-4DCA-94A5-43338E7ABE7A}.Release|Any CPU.ActiveCfg = Release|Any CPU
		{764AC53B-104B-4DCA-94A5-43338E7ABE7A}.Release|Any CPU.Build.0 = Release|Any CPU
	EndGlobalSection
	GlobalSection(SolutionProperties) = preSolution
		HideSolutionNode = FALSE
	EndGlobalSection
	GlobalSection(ExtensibilityGlobals) = postSolution
		SolutionGuid = {987273AD-AFAD-40AE-8CA3-634BF6C5433D}
	EndGlobalSection
EndGlobal
